// !$*UTF8*$!
{
	archiveVersion = 1;
	classes = {
	};
	objectVersion = 50;
	objects = {

/* Begin PBXBuildFile section */
		1F296CCD25A452DE004A2FEF /* SwiftUIDome_01App.swift in Sources */ = {isa = PBXBuildFile; fileRef = 1F296CBA25A452DA004A2FEF /* SwiftUIDome_01App.swift */; };
		1F296CCE25A452DE004A2FEF /* SwiftUIDome_01App.swift in Sources */ = {isa = PBXBuildFile; fileRef = 1F296CBA25A452DA004A2FEF /* SwiftUIDome_01App.swift */; };
		1F296CCF25A452DE004A2FEF /* ContentView.swift in Sources */ = {isa = PBXBuildFile; fileRef = 1F296CBB25A452DA004A2FEF /* ContentView.swift */; };
		1F296CD025A452DE004A2FEF /* ContentView.swift in Sources */ = {isa = PBXBuildFile; fileRef = 1F296CBB25A452DA004A2FEF /* ContentView.swift */; };
		1F296CD125A452DE004A2FEF /* Assets.xcassets in Resources */ = {isa = PBXBuildFile; fileRef = 1F296CBC25A452DE004A2FEF /* Assets.xcassets */; };
		1F296CD225A452DE004A2FEF /* Assets.xcassets in Resources */ = {isa = PBXBuildFile; fileRef = 1F296CBC25A452DE004A2FEF /* Assets.xcassets */; };
/* End PBXBuildFile section */

/* Begin PBXFileReference section */
		1F296CBA25A452DA004A2FEF /* SwiftUIDome_01App.swift */ = {isa = PBXFileReference; lastKnownFileType = sourcecode.swift; path = SwiftUIDome_01App.swift; sourceTree = "<group>"; };
		1F296CBB25A452DA004A2FEF /* ContentView.swift */ = {isa = PBXFileReference; lastKnownFileType = sourcecode.swift; path = ContentView.swift; sourceTree = "<group>"; };
		1F296CBC25A452DE004A2FEF /* Assets.xcassets */ = {isa = PBXFileReference; lastKnownFileType = folder.assetcatalog; path = Assets.xcassets; sourceTree = "<group>"; };
		1F296CC125A452DE004A2FEF /* SwiftUIDome_01.app */ = {isa = PBXFileReference; explicitFileType = wrapper.application; includeInIndex = 0; path = SwiftUIDome_01.app; sourceTree = BUILT_PRODUCTS_DIR; };
		1F296CC425A452DE004A2FEF /* Info.plist */ = {isa = PBXFileReference; lastKnownFileType = text.plist.xml; path = Info.plist; sourceTree = "<group>"; };
		1F296CC925A452DE004A2FEF /* SwiftUIDome_01.app */ = {isa = PBXFileReference; explicitFileType = wrapper.application; includeInIndex = 0; path = SwiftUIDome_01.app; sourceTree = BUILT_PRODUCTS_DIR; };
		1F296CCB25A452DE004A2FEF /* Info.plist */ = {isa = PBXFileReference; lastKnownFileType = text.plist.xml; path = Info.plist; sourceTree = "<group>"; };
		1F296CCC25A452DE004A2FEF /* macOS.entitlements */ = {isa = PBXFileReference; lastKnownFileType = text.plist.entitlements; path = macOS.entitlements; sourceTree = "<group>"; };
/* End PBXFileReference section */

/* Begin PBXFrameworksBuildPhase section */
		1F296CBE25A452DE004A2FEF /* Frameworks */ = {
			isa = PBXFrameworksBuildPhase;
			buildActionMask = 2147483647;
			files = (
			);
			runOnlyForDeploymentPostprocessing = 0;
		};
		1F296CC625A452DE004A2FEF /* Frameworks */ = {
			isa = PBXFrameworksBuildPhase;
			buildActionMask = 2147483647;
			files = (
			);
			runOnlyForDeploymentPostprocessing = 0;
		};
/* End PBXFrameworksBuildPhase section */

/* Begin PBXGroup section */
		1F296CB425A452DA004A2FEF = {
			isa = PBXGroup;
			children = (
				1F296CB925A452DA004A2FEF /* Shared */,
				1F296CC325A452DE004A2FEF /* iOS */,
				1F296CCA25A452DE004A2FEF /* macOS */,
				1F296CC225A452DE004A2FEF /* Products */,
			);
			sourceTree = "<group>";
		};
		1F296CB925A452DA004A2FEF /* Shared */ = {
			isa = PBXGroup;
			children = (
				1F296CBA25A452DA004A2FEF /* SwiftUIDome_01App.swift */,
				1F296CBB25A452DA004A2FEF /* ContentView.swift */,
				1F296CBC25A452DE004A2FEF /* Assets.xcassets */,
			);
			path = Shared;
			sourceTree = "<group>";
		};
		1F296CC225A452DE004A2FEF /* Products */ = {
			isa = PBXGroup;
			children = (
				1F296CC125A452DE004A2FEF /* SwiftUIDome_01.app */,
				1F296CC925A452DE004A2FEF /* SwiftUIDome_01.app */,
			);
			name = Products;
			sourceTree = "<group>";
		};
		1F296CC325A452DE004A2FEF /* iOS */ = {
			isa = PBXGroup;
			children = (
				1F296CC425A452DE004A2FEF /* Info.plist */,
			);
			path = iOS;
			sourceTree = "<group>";
		};
		1F296CCA25A452DE004A2FEF /* macOS */ = {
			isa = PBXGroup;
			children = (
				1F296CCB25A452DE004A2FEF /* Info.plist */,
				1F296CCC25A452DE004A2FEF /* macOS.entitlements */,
			);
			path = macOS;
			sourceTree = "<group>";
		};
/* End PBXGroup section */

/* Begin PBXNativeTarget section */
		1F296CC025A452DE004A2FEF /* SwiftUIDome_01 (iOS) */ = {
			isa = PBXNativeTarget;
			buildConfigurationList = 1F296CD525A452DE004A2FEF /* Build configuration list for PBXNativeTarget "SwiftUIDome_01 (iOS)" */;
			buildPhases = (
				1F296CBD25A452DE004A2FEF /* Sources */,
				1F296CBE25A452DE004A2FEF /* Frameworks */,
				1F296CBF25A452DE004A2FEF /* Resources */,
			);
			buildRules = (
			);
			dependencies = (
			);
			name = "SwiftUIDome_01 (iOS)";
			productName = "SwiftUIDome_01 (iOS)";
			productReference = 1F296CC125A452DE004A2FEF /* SwiftUIDome_01.app */;
			productType = "com.apple.product-type.application";
		};
		1F296CC825A452DE004A2FEF /* SwiftUIDome_01 (macOS) */ = {
			isa = PBXNativeTarget;
			buildConfigurationList = 1F296CD825A452DE004A2FEF /* Build configuration list for PBXNativeTarget "SwiftUIDome_01 (macOS)" */;
			buildPhases = (
				1F296CC525A452DE004A2FEF /* Sources */,
				1F296CC625A452DE004A2FEF /* Frameworks */,
				1F296CC725A452DE004A2FEF /* Resources */,
			);
			buildRules = (
			);
			dependencies = (
			);
			name = "SwiftUIDome_01 (macOS)";
			productName = "SwiftUIDome_01 (macOS)";
			productReference = 1F296CC925A452DE004A2FEF /* SwiftUIDome_01.app */;
			productType = "com.apple.product-type.application";
		};
/* End PBXNativeTarget section */

/* Begin PBXProject section */
		1F296CB525A452DA004A2FEF /* Project object */ = {
			isa = PBXProject;
			attributes = {
				LastSwiftUpdateCheck = 1220;
				LastUpgradeCheck = 1220;
				TargetAttributes = {
					1F296CC025A452DE004A2FEF = {
						CreatedOnToolsVersion = 12.2;
					};
					1F296CC825A452DE004A2FEF = {
						CreatedOnToolsVersion = 12.2;
					};
				};
			};
			buildConfigurationList = 1F296CB825A452DA004A2FEF /* Build configuration list for PBXProject "SwiftUIDome_01" */;
			compatibilityVersion = "Xcode 9.3";
			developmentRegion = en;
			hasScannedForEncodings = 0;
			knownRegions = (
				en,
				Base,
			);
			mainGroup = 1F296CB425A452DA004A2FEF;
			productRefGroup = 1F296CC225A452DE004A2FEF /* Products */;
			projectDirPath = "";
			projectRoot = "";
			targets = (
				1F296CC025A452DE004A2FEF /* SwiftUIDome_01 (iOS) */,
				1F296CC825A452DE004A2FEF /* SwiftUIDome_01 (macOS) */,
			);
		};
/* End PBXProject section */

/* Begin PBXResourcesBuildPhase section */
		1F296CBF25A452DE004A2FEF /* Resources */ = {
			isa = PBXResourcesBuildPhase;
			buildActionMask = 2147483647;
			files = (
				1F296CD125A452DE004A2FEF /* Assets.xcassets in Resources */,
			);
			runOnlyForDeploymentPostprocessing = 0;
		};
		1F296CC725A452DE004A2FEF /* Resources */ = {
			isa = PBXResourcesBuildPhase;
			buildActionMask = 2147483647;
			files = (
				1F296CD225A452DE004A2FEF /* Assets.xcassets in Resources */,
			);
			runOnlyForDeploymentPostprocessing = 0;
		};
/* End PBXResourcesBuildPhase section */

/* Begin PBXSourcesBuildPhase section */
		1F296CBD25A452DE004A2FEF /* Sources */ = {
			isa = PBXSourcesBuildPhase;
			buildActionMask = 2147483647;
			files = (
				1F296CCF25A452DE004A2FEF /* ContentView.swift in Sources */,
				1F296CCD25A452DE004A2FEF /* SwiftUIDome_01App.swift in Sources */,
			);
			runOnlyForDeploymentPostprocessing = 0;
		};
		1F296CC525A452DE004A2FEF /* Sources */ = {
			isa = PBXSourcesBuildPhase;
			buildActionMask = 2147483647;
			files = (
				1F296CD025A452DE004A2FEF /* ContentView.swift in Sources */,
				1F296CCE25A452DE004A2FEF /* SwiftUIDome_01App.swift in Sources */,
			);
			runOnlyForDeploymentPostprocessing = 0;
		};
/* End PBXSourcesBuildPhase section */

/* Begin XCBuildConfiguration section */
		1F296CD325A452DE004A2FEF /* Debug */ = {
			isa = XCBuildConfiguration;
			buildSettings = {
				ALWAYS_SEARCH_USER_PATHS = NO;
				CLANG_ANALYZER_NONNULL = YES;
				CLANG_ANALYZER_NUMBER_OBJECT_CONVERSION = YES_AGGRESSIVE;
				CLANG_CXX_LANGUAGE_STANDARD = "gnu++14";
				CLANG_CXX_LIBRARY = "libc++";
				CLANG_ENABLE_MODULES = YES;
				CLANG_ENABLE_OBJC_ARC = YES;
				CLANG_ENABLE_OBJC_WEAK = YES;
				CLANG_WARN_BLOCK_CAPTURE_AUTORELEASING = YES;
				CLANG_WARN_BOOL_CONVERSION = YES;
				CLANG_WARN_COMMA = YES;
				CLANG_WARN_CONSTANT_CONVERSION = YES;
				CLANG_WARN_DEPRECATED_OBJC_IMPLEMENTATIONS = YES;
				CLANG_WARN_DIRECT_OBJC_ISA_USAGE = YES_ERROR;
				CLANG_WARN_DOCUMENTATION_COMMENTS = YES;
				CLANG_WARN_EMPTY_BODY = YES;
				CLANG_WARN_ENUM_CONVERSION = YES;
				CLANG_WARN_INFINITE_RECURSION = YES;
				CLANG_WARN_INT_CONVERSION = YES;
				CLANG_WARN_NON_LITERAL_NULL_CONVERSION = YES;
				CLANG_WARN_OBJC_IMPLICIT_RETAIN_SELF = YES;
				CLANG_WARN_OBJC_LITERAL_CONVERSION = YES;
				CLANG_WARN_OBJC_ROOT_CLASS = YES_ERROR;
				CLANG_WARN_QUOTED_INCLUDE_IN_FRAMEWORK_HEADER = YES;
				CLANG_WARN_RANGE_LOOP_ANALYSIS = YES;
				CLANG_WARN_STRICT_PROTOTYPES = YES;
				CLANG_WARN_SUSPICIOUS_MOVE = YES;
				CLANG_WARN_UNGUARDED_AVAILABILITY = YES_AGGRESSIVE;
				CLANG_WARN_UNREACHABLE_CODE = YES;
				CLANG_WARN__DUPLICATE_METHOD_MATCH = YES;
				COPY_PHASE_STRIP = NO;
				DEBUG_INFORMATION_FORMAT = dwarf;
				ENABLE_STRICT_OBJC_MSGSEND = YES;
				ENABLE_TESTABILITY = YES;
				GCC_C_LANGUAGE_STANDARD = gnu11;
				GCC_DYNAMIC_NO_PIC = NO;
				GCC_NO_COMMON_BLOCKS = YES;
				GCC_OPTIMIZATION_LEVEL = 0;
				GCC_PREPROCESSOR_DEFINITIONS = (
					"DEBUG=1",
					"$(inherited)",
				);
				GCC_WARN_64_TO_32_BIT_CONVERSION = YES;
				GCC_WARN_ABOUT_RETURN_TYPE = YES_ERROR;
				GCC_WARN_UNDECLARED_SELECTOR = YES;
				GCC_WARN_UNINITIALIZED_AUTOS = YES_AGGRESSIVE;
				GCC_WARN_UNUSED_FUNCTION = YES;
				GCC_WARN_UNUSED_VARIABLE = YES;
				MTL_ENABLE_DEBUG_INFO = INCLUDE_SOURCE;
				MTL_FAST_MATH = YES;
				ONLY_ACTIVE_ARCH = YES;
				SWIFT_ACTIVE_COMPILATION_CONDITIONS = DEBUG;
				SWIFT_OPTIMIZATION_LEVEL = "-Onone";
			};
			name = Debug;
		};
		1F296CD425A452DE004A2FEF /* Release */ = {
			isa = XCBuildConfiguration;
			buildSettings = {
				ALWAYS_SEARCH_USER_PATHS = NO;
				CLANG_ANALYZER_NONNULL = YES;
				CLANG_ANALYZER_NUMBER_OBJECT_CONVERSION = YES_AGGRESSIVE;
				CLANG_CXX_LANGUAGE_STANDARD = "gnu++14";
				CLANG_CXX_LIBRARY = "libc++";
				CLANG_ENABLE_MODULES = YES;
				CLANG_ENABLE_OBJC_ARC = YES;
				CLANG_ENABLE_OBJC_WEAK = YES;
				CLANG_WARN_BLOCK_CAPTURE_AUTORELEASING = YES;
				CLANG_WARN_BOOL_CONVERSION = YES;
				CLANG_WARN_COMMA = YES;
				CLANG_WARN_CONSTANT_CONVERSION = YES;
				CLANG_WARN_DEPRECATED_OBJC_IMPLEMENTATIONS = YES;
				CLANG_WARN_DIRECT_OBJC_ISA_USAGE = YES_ERROR;
				CLANG_WARN_DOCUMENTATION_COMMENTS = YES;
				CLANG_WARN_EMPTY_BODY = YES;
				CLANG_WARN_ENUM_CONVERSION = YES;
				CLANG_WARN_INFINITE_RECURSION = YES;
				CLANG_WARN_INT_CONVERSION = YES;
				CLANG_WARN_NON_LITERAL_NULL_CONVERSION = YES;
				CLANG_WARN_OBJC_IMPLICIT_RETAIN_SELF = YES;
				CLANG_WARN_OBJC_LITERAL_CONVERSION = YES;
				CLANG_WARN_OBJC_ROOT_CLASS = YES_ERROR;
				CLANG_WARN_QUOTED_INCLUDE_IN_FRAMEWORK_HEADER = YES;
				CLANG_WARN_RANGE_LOOP_ANALYSIS = YES;
				CLANG_WARN_STRICT_PROTOTYPES = YES;
				CLANG_WARN_SUSPICIOUS_MOVE = YES;
				CLANG_WARN_UNGUARDED_AVAILABILITY = YES_AGGRESSIVE;
				CLANG_WARN_UNREACHABLE_CODE = YES;
				CLANG_WARN__DUPLICATE_METHOD_MATCH = YES;
				COPY_PHASE_STRIP = NO;
				DEBUG_INFORMATION_FORMAT = "dwarf-with-dsym";
				ENABLE_NS_ASSERTIONS = NO;
				ENABLE_STRICT_OBJC_MSGSEND = YES;
				GCC_C_LANGUAGE_STANDARD = gnu11;
				GCC_NO_COMMON_BLOCKS = YES;
				GCC_WARN_64_TO_32_BIT_CONVERSION = YES;
				GCC_WARN_ABOUT_RETURN_TYPE = YES_ERROR;
				GCC_WARN_UNDECLARED_SELECTOR = YES;
				GCC_WARN_UNINITIALIZED_AUTOS = YES_AGGRESSIVE;
				GCC_WARN_UNUSED_FUNCTION = YES;
				GCC_WARN_UNUSED_VARIABLE = YES;
				MTL_ENABLE_DEBUG_INFO = NO;
				MTL_FAST_MATH = YES;
				SWIFT_COMPILATION_MODE = wholemodule;
				SWIFT_OPTIMIZATION_LEVEL = "-O";
			};
			name = Release;
		};
		1F296CD625A452DE004A2FEF /* Debug */ = {
			isa = XCBuildConfiguration;
			buildSettings = {
				ASSETCATALOG_COMPILER_APPICON_NAME = AppIcon;
				ASSETCATALOG_COMPILER_GLOBAL_ACCENT_COLOR_NAME = AccentColor;
				CODE_SIGN_STYLE = Automatic;
				ENABLE_PREVIEWS = YES;
				INFOPLIST_FILE = iOS/Info.plist;
				IPHONEOS_DEPLOYMENT_TARGET = 14.0;
				LD_RUNPATH_SEARCH_PATHS = (
					"$(inherited)",
					"@executable_path/Frameworks",
				);
				PRODUCT_BUNDLE_IDENTIFIER = "com.longteng.SwiftUIDome-01";
				PRODUCT_NAME = SwiftUIDome_01;
				SDKROOT = iphoneos;
				SWIFT_VERSION = 5.0;
				TARGETED_DEVICE_FAMILY = "1,2";
			};
			name = Debug;
		};
		1F296CD725A452DE004A2FEF /* Release */ = {
			isa = XCBuildConfiguration;
			buildSettings = {
				ASSETCATALOG_COMPILER_APPICON_NAME = AppIcon;
				ASSETCATALOG_COMPILER_GLOBAL_ACCENT_COLOR_NAME = AccentColor;
				CODE_SIGN_STYLE = Automatic;
				ENABLE_PREVIEWS = YES;
				INFOPLIST_FILE = iOS/Info.plist;
				IPHONEOS_DEPLOYMENT_TARGET = 14.0;
				LD_RUNPATH_SEARCH_PATHS = (
					"$(inherited)",
					"@executable_path/Frameworks",
				);
				PRODUCT_BUNDLE_IDENTIFIER = "com.longteng.SwiftUIDome-01";
				PRODUCT_NAME = SwiftUIDome_01;
				SDKROOT = iphoneos;
				SWIFT_VERSION = 5.0;
				TARGETED_DEVICE_FAMILY = "1,2";
				VALIDATE_PRODUCT = YES;
			};
			name = Release;
		};
		1F296CD925A452DE004A2FEF /* Debug */ = {
			isa = XCBuildConfiguration;
			buildSettings = {
				ASSETCATALOG_COMPILER_APPICON_NAME = AppIcon;
				ASSETCATALOG_COMPILER_GLOBAL_ACCENT_COLOR_NAME = AccentColor;
				CODE_SIGN_ENTITLEMENTS = macOS/macOS.entitlements;
				CODE_SIGN_STYLE = Automatic;
				COMBINE_HIDPI_IMAGES = YES;
				ENABLE_PREVIEWS = YES;
				INFOPLIST_FILE = macOS/Info.plist;
				LD_RUNPATH_SEARCH_PATHS = (
					"$(inherited)",
					"@executable_path/../Frameworks",
				);
				MACOSX_DEPLOYMENT_TARGET = 11.0;
				PRODUCT_BUNDLE_IDENTIFIER = "com.longteng.SwiftUIDome-01";
				PRODUCT_NAME = SwiftUIDome_01;
				SDKROOT = macosx;
				SWIFT_VERSION = 5.0;
			};
			name = Debug;
		};
		1F296CDA25A452DE004A2FEF /* Release */ = {
			isa = XCBuildConfiguration;
			buildSettings = {
				ASSETCATALOG_COMPILER_APPICON_NAME = AppIcon;
				ASSETCATALOG_COMPILER_GLOBAL_ACCENT_COLOR_NAME = AccentColor;
				CODE_SIGN_ENTITLEMENTS = macOS/macOS.entitlements;
				CODE_SIGN_STYLE = Automatic;
				COMBINE_HIDPI_IMAGES = YES;
				ENABLE_PREVIEWS = YES;
				INFOPLIST_FILE = macOS/Info.plist;
				LD_RUNPATH_SEARCH_PATHS = (
					"$(inherited)",
					"@executable_path/../Frameworks",
				);
				MACOSX_DEPLOYMENT_TARGET = 11.0;
				PRODUCT_BUNDLE_IDENTIFIER = "com.longteng.SwiftUIDome-01";
				PRODUCT_NAME = SwiftUIDome_01;
				SDKROOT = macosx;
				SWIFT_VERSION = 5.0;
			};
			name = Release;
		};
/* End XCBuildConfiguration section */

/* Begin XCConfigurationList section */
		1F296CB825A452DA004A2FEF /* Build configuration list for PBXProject "SwiftUIDome_01" */ = {
			isa = XCConfigurationList;
			buildConfigurations = (
				1F296CD325A452DE004A2FEF /* Debug */,
				1F296CD425A452DE004A2FEF /* Release */,
			);
			defaultConfigurationIsVisible = 0;
			defaultConfigurationName = Release;
		};
		1F296CD525A452DE004A2FEF /* Build configuration list for PBXNativeTarget "SwiftUIDome_01 (iOS)" */ = {
			isa = XCConfigurationList;
			buildConfigurations = (
				1F296CD625A452DE004A2FEF /* Debug */,
				1F296CD725A452DE004A2FEF /* Release */,
			);
			defaultConfigurationIsVisible = 0;
			defaultConfigurationName = Release;
		};
		1F296CD825A452DE004A2FEF /* Build configuration list for PBXNativeTarget "SwiftUIDome_01 (macOS)" */ = {
			isa = XCConfigurationList;
			buildConfigurations = (
				1F296CD925A452DE004A2FEF /* Debug */,
				1F296CDA25A452DE004A2FEF /* Release */,
			);
			defaultConfigurationIsVisible = 0;
			defaultConfigurationName = Release;
		};
/* End XCConfigurationList section */
	};
	rootObject = 1F296CB525A452DA004A2FEF /* Project object */;
}
